
Microsoft Visual Studio Solution File, Format Version 12.00
# Visual Studio 15
VisualStudioVersion = 15.0.28307.489
MinimumVisualStudioVersion = 10.0.40219.1
Project("{FAE04EC0-301F-11D3-BF4B-00C04F79EFBC}") = "MVCLab", "MVCLab\MVCLab.csproj", "{4470A144-689B-4D69-879D-F86BCF7F223E}"
EndProject
Global
	GlobalSection(SolutionConfigurationPlatforms) = preSolution
		Debug|Any CPU = Debug|Any CPU
		Release|Any CPU = Release|Any CPU
	EndGlobalSection
	GlobalSection(ProjectConfigurationPlatforms) = postSolution
		{4470A144-689B-4D69-879D-F86BCF7F223E}.Debug|Any CPU.ActiveCfg = Debug|Any CPU
		{4470A144-689B-4D69-879D-F86BCF7F223E}.Debug|Any CPU.Build.0 = Debug|Any CPU
		{4470A144-689B-4D69-879D-F86BCF7F223E}.Release|Any CPU.ActiveCfg = Release|Any CPU
		{4470A144-689B-4D69-879D-F86BCF7F223E}.Release|Any CPU.Build.0 = Release|Any CPU
	EndGlobalSection
	GlobalSection(SolutionProperties) = preSolution
		HideSolutionNode = FALSE
	EndGlobalSection
	GlobalSection(ExtensibilityGlobals) = postSolution
		SolutionGuid = {65A5E75D-B9BF-45CE-AD36-FE499BCD12ED}
	EndGlobalSection
EndGlobal
